{
    "_readme": [
        "This file locks the dependencies of your project to a known state",
        "Read more about it at https://getcomposer.org/doc/01-basic-usage.md#installing-dependencies",
        "This file is @generated automatically"
    ],
    "content-hash": "aad9f515ea80663e66658e97ef60493a",
    "packages": [
        {
            "name": "clue/arguments",
            "version": "v2.1.0",
            "source": {
                "type": "git",
                "url": "https://github.com/clue/arguments.git",
                "reference": "87f2c4bc2ff602173bc52f5935a9c3b70d8c996d"
            },
            "dist": {
                "type": "zip",
                "url": "https://api.github.com/repos/clue/arguments/zipball/87f2c4bc2ff602173bc52f5935a9c3b70d8c996d",
                "reference": "87f2c4bc2ff602173bc52f5935a9c3b70d8c996d",
                "shasum": ""
            },
            "require": {
                "php": ">=5.3"
            },
            "require-dev": {
                "phpunit/phpunit": "^9.3 || ^5.7 || ^4.8.35"
            },
            "type": "library",
            "autoload": {
                "files": [
                    "src/functions.php"
                ],
                "psr-4": {
                    "Clue\\Arguments\\": "src/"
                }
            },
            "notification-url": "https://packagist.org/downloads/",
            "license": [
                "MIT"
            ],
            "authors": [
                {
                    "name": "Christian Lück",
                    "email": "christian@clue.engineering"
                }
            ],
            "description": "The simple way to split your command line string into an array of command arguments in PHP.",
            "homepage": "https://github.com/clue/arguments",
            "keywords": [
                "args",
                "arguments",
                "argv",
                "command",
                "command line",
                "explode",
                "parse",
                "split"
            ],
            "funding": [
                {
                    "url": "https://clue.engineering/support",
                    "type": "custom"
                },
                {
                    "url": "https://github.com/clue",
                    "type": "github"
                }
            ],
            "time": "2020-12-08T13:02:50+00:00"
        },
        {
            "name": "paragonie/constant_time_encoding",
            "version": "v2.4.0",
            "source": {
                "type": "git",
                "url": "https://github.com/paragonie/constant_time_encoding.git",
                "reference": "f34c2b11eb9d2c9318e13540a1dbc2a3afbd939c"
            },
            "dist": {
                "type": "zip",
                "url": "https://api.github.com/repos/paragonie/constant_time_encoding/zipball/f34c2b11eb9d2c9318e13540a1dbc2a3afbd939c",
                "reference": "f34c2b11eb9d2c9318e13540a1dbc2a3afbd939c",
                "shasum": ""
            },
            "require": {
                "php": "^7|^8"
            },
            "require-dev": {
                "phpunit/phpunit": "^6|^7|^8|^9",
                "vimeo/psalm": "^1|^2|^3|^4"
            },
            "type": "library",
            "autoload": {
                "psr-4": {
                    "ParagonIE\\ConstantTime\\": "src/"
                }
            },
            "notification-url": "https://packagist.org/downloads/",
            "license": [
                "MIT"
            ],
            "authors": [
                {
                    "name": "Paragon Initiative Enterprises",
                    "email": "security@paragonie.com",
                    "homepage": "https://paragonie.com",
                    "role": "Maintainer"
                },
                {
                    "name": "Steve 'Sc00bz' Thomas",
                    "email": "steve@tobtu.com",
                    "homepage": "https://www.tobtu.com",
                    "role": "Original Developer"
                }
            ],
            "description": "Constant-time Implementations of RFC 4648 Encoding (Base-64, Base-32, Base-16)",
            "keywords": [
                "base16",
                "base32",
                "base32_decode",
                "base32_encode",
                "base64",
                "base64_decode",
                "base64_encode",
                "bin2hex",
                "encoding",
                "hex",
                "hex2bin",
                "rfc4648"
            ],
            "time": "2020-12-06T15:14:20+00:00"
        },
        {
            "name": "paragonie/random_compat",
            "version": "v9.99.100",
            "source": {
                "type": "git",
                "url": "https://github.com/paragonie/random_compat.git",
                "reference": "996434e5492cb4c3edcb9168db6fbb1359ef965a"
            },
            "dist": {
                "type": "zip",
                "url": "https://api.github.com/repos/paragonie/random_compat/zipball/996434e5492cb4c3edcb9168db6fbb1359ef965a",
                "reference": "996434e5492cb4c3edcb9168db6fbb1359ef965a",
                "shasum": ""
            },
            "require": {
                "php": ">= 7"
            },
            "require-dev": {
                "phpunit/phpunit": "4.*|5.*",
                "vimeo/psalm": "^1"
            },
            "suggest": {
                "ext-libsodium": "Provides a modern crypto API that can be used to generate random bytes."
            },
            "type": "library",
            "notification-url": "https://packagist.org/downloads/",
            "license": [
                "MIT"
            ],
            "authors": [
                {
                    "name": "Paragon Initiative Enterprises",
                    "email": "security@paragonie.com",
                    "homepage": "https://paragonie.com"
                }
            ],
            "description": "PHP 5.x polyfill for random_bytes() and random_int() from PHP 7",
            "keywords": [
                "csprng",
                "polyfill",
                "pseudorandom",
                "random"
            ],
            "time": "2020-10-15T08:29:30+00:00"
        },
        {
            "name": "phpgangsta/googleauthenticator",
            "version": "dev-master",
            "source": {
                "type": "git",
                "url": "https://github.com/PHPGangsta/GoogleAuthenticator.git",
                "reference": "505c2af8337b559b33557f37cda38e5f843f3768"
            },
            "dist": {
                "type": "zip",
                "url": "https://api.github.com/repos/PHPGangsta/GoogleAuthenticator/zipball/505c2af8337b559b33557f37cda38e5f843f3768",
                "reference": "505c2af8337b559b33557f37cda38e5f843f3768",
                "shasum": ""
            },
            "require": {
                "php": ">=5.3"
            },
            "type": "library",
            "autoload": {
                "classmap": [
                    "PHPGangsta/GoogleAuthenticator.php"
                ]
            },
            "notification-url": "https://packagist.org/downloads/",
            "license": [
                "BSD-4-Clause"
            ],
            "authors": [
                {
                    "name": "Michael Kliewe",
                    "email": "info@phpgangsta.de",
                    "homepage": "http://www.phpgangsta.de/",
                    "role": "Developer"
                }
            ],
            "description": "Google Authenticator 2-factor authentication",
            "keywords": [
                "googleauthenticator",
                "rfc6238",
                "totp"
            ],
            "time": "2019-03-20T00:55:58+00:00"
        },
        {
            "name": "phpmailer/phpmailer",
            "version": "v6.3.0",
            "source": {
                "type": "git",
                "url": "https://github.com/PHPMailer/PHPMailer.git",
                "reference": "4a08cf4cdd2c38d12ee2b9fa69e5d235f37a6dcb"
            },
            "dist": {
                "type": "zip",
                "url": "https://api.github.com/repos/PHPMailer/PHPMailer/zipball/4a08cf4cdd2c38d12ee2b9fa69e5d235f37a6dcb",
                "reference": "4a08cf4cdd2c38d12ee2b9fa69e5d235f37a6dcb",
                "shasum": ""
            },
            "require": {
                "ext-ctype": "*",
                "ext-filter": "*",
                "ext-hash": "*",
                "php": ">=5.5.0"
            },
            "require-dev": {
                "dealerdirect/phpcodesniffer-composer-installer": "^0.7.0",
                "doctrine/annotations": "^1.2",
                "phpcompatibility/php-compatibility": "^9.3.5",
                "roave/security-advisories": "dev-latest",
                "squizlabs/php_codesniffer": "^3.5.6",
                "yoast/phpunit-polyfills": "^0.2.0"
            },
            "suggest": {
                "ext-mbstring": "Needed to send email in multibyte encoding charset",
                "hayageek/oauth2-yahoo": "Needed for Yahoo XOAUTH2 authentication",
                "league/oauth2-google": "Needed for Google XOAUTH2 authentication",
                "psr/log": "For optional PSR-3 debug logging",
                "stevenmaguire/oauth2-microsoft": "Needed for Microsoft XOAUTH2 authentication",
                "symfony/polyfill-mbstring": "To support UTF-8 if the Mbstring PHP extension is not enabled (^1.2)"
            },
            "type": "library",
            "autoload": {
                "psr-4": {
                    "PHPMailer\\PHPMailer\\": "src/"
                }
            },
            "notification-url": "https://packagist.org/downloads/",
            "license": [
                "LGPL-2.1-only"
            ],
            "authors": [
                {
                    "name": "Marcus Bointon",
                    "email": "phpmailer@synchromedia.co.uk"
                },
                {
                    "name": "Jim Jagielski",
                    "email": "jimjag@gmail.com"
                },
                {
                    "name": "Andy Prevost",
                    "email": "codeworxtech@users.sourceforge.net"
                },
                {
                    "name": "Brent R. Matzelle"
                }
            ],
            "description": "PHPMailer is a full-featured email creation and transfer class for PHP",
            "funding": [
                {
                    "url": "https://github.com/Synchro",
                    "type": "github"
                }
            ],
            "time": "2021-02-19T15:28:08+00:00"
        },
        {
            "name": "phpseclib/phpseclib",
            "version": "3.0.6",
            "source": {
                "type": "git",
                "url": "https://github.com/phpseclib/phpseclib.git",
                "reference": "906a5fafabe5e6ba51ef3dc65b2722a677908837"
            },
            "dist": {
                "type": "zip",
                "url": "https://api.github.com/repos/phpseclib/phpseclib/zipball/906a5fafabe5e6ba51ef3dc65b2722a677908837",
                "reference": "906a5fafabe5e6ba51ef3dc65b2722a677908837",
                "shasum": ""
            },
            "require": {
                "paragonie/constant_time_encoding": "^1|^2",
                "paragonie/random_compat": "^1.4|^2.0|^9.99.99",
                "php": ">=5.6.1"
            },
            "require-dev": {
                "phing/phing": "~2.7",
                "phpunit/phpunit": "^5.7|^6.0|^9.4",
                "squizlabs/php_codesniffer": "~2.0"
            },
            "suggest": {
                "ext-gmp": "Install the GMP (GNU Multiple Precision) extension in order to speed up arbitrary precision integer arithmetic operations.",
                "ext-libsodium": "SSH2/SFTP can make use of some algorithms provided by the libsodium-php extension.",
                "ext-mcrypt": "Install the Mcrypt extension in order to speed up a few other cryptographic operations.",
                "ext-openssl": "Install the OpenSSL extension in order to speed up a wide variety of cryptographic operations."
            },
            "type": "library",
            "autoload": {
                "files": [
                    "phpseclib/bootstrap.php"
                ],
                "psr-4": {
                    "phpseclib3\\": "phpseclib/"
                }
            },
            "notification-url": "https://packagist.org/downloads/",
            "license": [
                "MIT"
            ],
            "authors": [
                {
                    "name": "Jim Wigginton",
                    "email": "terrafrost@php.net",
                    "role": "Lead Developer"
                },
                {
                    "name": "Patrick Monnerat",
                    "email": "pm@datasphere.ch",
                    "role": "Developer"
                },
                {
                    "name": "Andreas Fischer",
                    "email": "bantu@phpbb.com",
                    "role": "Developer"
                },
                {
                    "name": "Hans-Jürgen Petrich",
                    "email": "petrich@tronic-media.com",
                    "role": "Developer"
                },
                {
                    "name": "Graham Campbell",
                    "email": "graham@alt-three.com",
                    "role": "Developer"
                }
            ],
            "description": "PHP Secure Communications Library - Pure-PHP implementations of RSA, AES, SSH2, SFTP, X.509 etc.",
            "homepage": "http://phpseclib.sourceforge.net",
            "keywords": [
                "BigInteger",
                "aes",
                "asn.1",
                "asn1",
                "blowfish",
                "crypto",
                "cryptography",
                "encryption",
                "rsa",
                "security",
                "sftp",
                "signature",
                "signing",
                "ssh",
                "twofish",
                "x.509",
                "x509"
            ],
            "funding": [
                {
                    "url": "https://github.com/terrafrost",
                    "type": "github"
                },
                {
                    "url": "https://www.patreon.com/phpseclib",
                    "type": "patreon"
                },
                {
                    "url": "https://tidelift.com/funding/github/packagist/phpseclib/phpseclib",
                    "type": "tidelift"
                }
            ],
            "time": "2021-03-10T13:58:31+00:00"
        }
    ],
    "packages-dev": [
        {
            "name": "nikic/php-parser",
            "version": "v4.10.4",
            "source": {
                "type": "git",
                "url": "https://github.com/nikic/PHP-Parser.git",
                "reference": "c6d052fc58cb876152f89f532b95a8d7907e7f0e"
            },
            "dist": {
                "type": "zip",
                "url": "https://api.github.com/repos/nikic/PHP-Parser/zipball/c6d052fc58cb876152f89f532b95a8d7907e7f0e",
                "reference": "c6d052fc58cb876152f89f532b95a8d7907e7f0e",
                "shasum": ""
            },
            "require": {
                "ext-tokenizer": "*",
                "php": ">=7.0"
            },
            "require-dev": {
                "ircmaxell/php-yacc": "^0.0.7",
                "phpunit/phpunit": "^6.5 || ^7.0 || ^8.0 || ^9.0"
            },
            "bin": [
                "bin/php-parse"
            ],
            "type": "library",
            "extra": {
                "branch-alias": {
                    "dev-master": "4.9-dev"
                }
            },
            "autoload": {
                "psr-4": {
                    "PhpParser\\": "lib/PhpParser"
                }
            },
            "notification-url": "https://packagist.org/downloads/",
            "license": [
                "BSD-3-Clause"
            ],
            "authors": [
                {
                    "name": "Nikita Popov"
                }
            ],
            "description": "A PHP parser written in PHP",
            "keywords": [
                "parser",
                "php"
            ],
            "time": "2020-12-20T10:01:03+00:00"
        },
        {
            "name": "phpmetrics/phpmetrics",
            "version": "v2.7.4",
            "source": {
                "type": "git",
                "url": "https://github.com/phpmetrics/PhpMetrics.git",
                "reference": "e6a7aee0e0948e363eb78ce9d58573cd5af2cdec"
            },
            "dist": {
                "type": "zip",
                "url": "https://api.github.com/repos/phpmetrics/PhpMetrics/zipball/e6a7aee0e0948e363eb78ce9d58573cd5af2cdec",
                "reference": "e6a7aee0e0948e363eb78ce9d58573cd5af2cdec",
                "shasum": ""
            },
            "require": {
                "ext-dom": "*",
                "ext-tokenizer": "*",
                "nikic/php-parser": "^3|^4",
                "php": ">=5.5"
            },
            "replace": {
                "halleck45/php-metrics": "*",
                "halleck45/phpmetrics": "*"
            },
            "require-dev": {
                "phpunit/phpunit": "^4.8.36 || ^5.7.27 || ^6.5.14",
                "sebastian/comparator": ">=1.2.3",
                "squizlabs/php_codesniffer": "^3.5"
            },
            "bin": [
                "bin/phpmetrics"
            ],
            "type": "library",
            "autoload": {
                "psr-0": {
                    "Hal\\": "./src/"
                },
                "files": [
                    "./src/functions.php"
                ]
            },
            "notification-url": "https://packagist.org/downloads/",
            "license": [
                "MIT"
            ],
            "authors": [
                {
                    "name": "Jean-François Lépine",
                    "email": "lepinejeanfrancois@yahoo.fr",
                    "homepage": "http://www.lepine.pro",
                    "role": "Copyright Holder"
                }
            ],
            "description": "Static analyzer tool for PHP : Coupling, Cyclomatic complexity, Maintainability Index, Halstead's metrics... and more !",
            "homepage": "http://www.phpmetrics.org",
            "keywords": [
                "analysis",
                "qa",
                "quality",
                "testing"
            ],
            "time": "2020-06-30T20:33:55+00:00"
        }
    ],
    "aliases": [],
    "minimum-stability": "stable",
    "stability-flags": {
        "phpgangsta/googleauthenticator": 20
    },
    "prefer-stable": false,
    "prefer-lowest": false,
    "platform": {
        "php": ">=7.4",
        "ext-json": "*",
        "ext-mbstring": "*",
        "ext-pdo": "*",
        "ext-sodium": "*",
        "ext-ftp": "*",
        "ext-smbclient": "*"
    },
    "platform-dev": [],
    "plugin-api-version": "1.1.0"
}
